hash: 2b75ea4b14c13f86d6199ade18b8cdae76d865355c64c4fcffcb3d590b6417a9
updated: 2017-07-21T11:28:44.421471117-07:00
imports:
- name: go.uber.org/atomic
  version: 4e336646b2ef9fc6e47be8e21594178f98e5ebcf
- name: go.uber.org/dig
  version: 60ffc4c6942410bacc8241123f0ec4b5809ea60d
- name: go.uber.org/multierr
  version: 3c4937480c32f4c13a875a1829af76c98ca3d40a
testImports:
- name: github.com/davecgh/go-spew
  version: 6d212800a42e8ab5c146b8ace3490ee17e5225f9
  subpackages:
  - spew
- name: github.com/golang/lint
  version: a5f4a247366d8fc436941822e14fc3eac7727015
  subpackages:
  - golint
- name: github.com/pmezard/go-difflib
  version: d8ed2627bdf02c080bf22230dbb337003b7aba2d
  subpackages:
  - difflib
- name: github.com/stretchr/testify
  version: 69483b4bd14f5845b5a1e55bca19e954e827f1d0
  subpackages:
  - assert
  - require
- name: go.uber.org/tools
  version: ce2550dad7144b81ae2f67dc5e55597643f6902b
  subpackages:
  - update-license
- name: golang.org/x/tools
  version: bc6db94186c03835daa5c1c679fba599dc1f3b79
  subpackages:
  - cover
